
Microsoft Visual Studio Solution File, Format Version 12.00
# Visual Studio Version 17
VisualStudioVersion = 17.11.35303.130
MinimumVisualStudioVersion = 10.0.40219.1
Project("{FAE04EC0-301F-11D3-BF4B-00C04F79EFBC}") = "StudentInfoApplication", "StudentInfoApplication.csproj", "{1FBE7004-F1CD-4F54-B646-5675E7F9698B}"
EndProject
Global
	GlobalSection(SolutionConfigurationPlatforms) = preSolution
		Debug|Any CPU = Debug|Any CPU
		Release|Any CPU = Release|Any CPU
	EndGlobalSection
	GlobalSection(ProjectConfigurationPlatforms) = postSolution
		{1FBE7004-F1CD-4F54-B646-5675E7F9698B}.Debug|Any CPU.ActiveCfg = Debug|Any CPU
		{1FBE7004-F1CD-4F54-B646-5675E7F9698B}.Debug|Any CPU.Build.0 = Debug|Any CPU
		{1FBE7004-F1CD-4F54-B646-5675E7F9698B}.Release|Any CPU.ActiveCfg = Release|Any CPU
		{1FBE7004-F1CD-4F54-B646-5675E7F9698B}.Release|Any CPU.Build.0 = Release|Any CPU
	EndGlobalSection
	GlobalSection(SolutionProperties) = preSolution
		HideSolutionNode = FALSE
	EndGlobalSection
	GlobalSection(ExtensibilityGlobals) = postSolution
		SolutionGuid = {31291722-CC1C-4FB1-8AB0-54EA8255243F}
	EndGlobalSection
EndGlobal
